PODS:
  - VMaxAdsSDK (0.0.83)
  - VMaxZeeAdsPlugin (0.1.5):
    - VMaxAdsSDK

DEPENDENCIES:
  - VMaxZeeAdsPlugin (from `../`)

SPEC REPOS:
  trunk:
    - VMaxAdsSDK

EXTERNAL SOURCES:
  VMaxZeeAdsPlugin:
    :path: "../"

SPEC CHECKSUMS:
  VMaxAdsSDK: 244df2b355fd034221bdf5687ac247207ed6ba10
  VMaxZeeAdsPlugin: 67d4e261c1d0b8c77225ddc19b240f5a67b9f084

PODFILE CHECKSUM: 46ba75e463d09cf5149acd3ce4ca77acf04f3856

COCOAPODS: 1.10.1
