PODS:
  - VMaxAdsSDK (0.0.77)
  - VMaxZeeAdsPlugin (0.1.0):
    - VMaxAdsSDK

DEPENDENCIES:
  - VMaxZeeAdsPlugin (from `../`)

SPEC REPOS:
  trunk:
    - VMaxAdsSDK

EXTERNAL SOURCES:
  VMaxZeeAdsPlugin:
    :path: "../"

SPEC CHECKSUMS:
  VMaxAdsSDK: 889f11cf1ec0cfbf86cab40c9c944375d8ce6e5c
  VMaxZeeAdsPlugin: 3928eddee67a30f7116a00be30b1af3120385646

PODFILE CHECKSUM: 46ba75e463d09cf5149acd3ce4ca77acf04f3856

COCOAPODS: 1.10.1
