PODS:
  - GoogleAds-IMA-iOS-SDK (3.16.3)
  - VMaxAdsSDK (0.0.142)
  - VMaxGamAdapter (0.0.3):
    - GoogleAds-IMA-iOS-SDK (~> 3.16.3)
    - VMaxAdsSDK
  - VMaxZeeAdsPlugin (0.1.39):
    - VMaxAdsSDK
    - VMaxGamAdapter
    - VMaxZeeOMSDK
  - VMaxZeeOMSDK (0.0.3)

DEPENDENCIES:
  - VMaxZeeAdsPlugin (from `../`)

SPEC REPOS:
  trunk:
    - GoogleAds-IMA-iOS-SDK
    - VMaxAdsSDK
    - VMaxGamAdapter
    - VMaxZeeOMSDK

EXTERNAL SOURCES:
  VMaxZeeAdsPlugin:
    :path: "../"

SPEC CHECKSUMS:
  GoogleAds-IMA-iOS-SDK: 1aba71fa5b58dc463cc5b752f06e970ec7c739c1
  VMaxAdsSDK: 34ecbc622814c1413cf876c01543d4b791df8288
  VMaxGamAdapter: 907fbe1399cca9cb2ad98e2780a099e8451a6852
  VMaxZeeAdsPlugin: 30f7173e8701e93152a0a8f5f4ab30ce7923ff89
  VMaxZeeOMSDK: d21c3eed82d56e4c58c522cec137c81cc8662c9c

PODFILE CHECKSUM: 46ba75e463d09cf5149acd3ce4ca77acf04f3856

COCOAPODS: 1.11.3
